
Microsoft Visual Studio Solution File, Format Version 12.00
# Visual Studio 2012
Project("{FAE04EC0-301F-11D3-BF4B-00C04F79EFBC}") = "ConsoleApplication6", "ConsoleApplication6\ConsoleApplication6.csproj", "{78CF9F15-5922-49D3-AA28-028D737C9F0A}"
EndProject
Global
	GlobalSection(SolutionConfigurationPlatforms) = preSolution
		Debug|Any CPU = Debug|Any CPU
		Release|Any CPU = Release|Any CPU
	EndGlobalSection
	GlobalSection(ProjectConfigurationPlatforms) = postSolution
		{78CF9F15-5922-49D3-AA28-028D737C9F0A}.Debug|Any CPU.ActiveCfg = Debug|Any CPU
		{78CF9F15-5922-49D3-AA28-028D737C9F0A}.Debug|Any CPU.Build.0 = Debug|Any CPU
		{78CF9F15-5922-49D3-AA28-028D737C9F0A}.Release|Any CPU.ActiveCfg = Release|Any CPU
		{78CF9F15-5922-49D3-AA28-028D737C9F0A}.Release|Any CPU.Build.0 = Release|Any CPU
	EndGlobalSection
	GlobalSection(SolutionProperties) = preSolution
		HideSolutionNode = FALSE
	EndGlobalSection
EndGlobal
